{
  "version": "2",
  "remote": {
    "https://deno.land/std@0.181.0/fmt/colors.ts": "d67e3cd9f472535241a8e410d33423980bec45047e343577554d3356e1f0ef4e",
    "https://deno.land/std@0.191.0/_util/asserts.ts": "178dfc49a464aee693a7e285567b3d0b555dc805ff490505a8aae34f9cfb1462",
    "https://deno.land/std@0.191.0/_util/os.ts": "d932f56d41e4f6a6093d56044e29ce637f8dcc43c5a90af43504a889cf1775e3",
    "https://deno.land/std@0.191.0/flags/mod.ts": "17f444ddbee43c5487568de0c6a076c7729cfe90d96d2ffcd2b8f8adadafb6e8",
    "https://deno.land/std@0.191.0/fmt/colors.ts": "d67e3cd9f472535241a8e410d33423980bec45047e343577554d3356e1f0ef4e",
    "https://deno.land/std@0.191.0/fs/_util.ts": "fbf57dcdc9f7bc8128d60301eece608246971a7836a3bb1e78da75314f08b978",
    "https://deno.land/std@0.191.0/fs/walk.ts": "920be35a7376db6c0b5b1caf1486fb962925e38c9825f90367f8f26b5e5d0897",
    "https://deno.land/std@0.191.0/path/_constants.ts": "e49961f6f4f48039c0dfed3c3f93e963ca3d92791c9d478ac5b43183413136e0",
    "https://deno.land/std@0.191.0/path/_interface.ts": "6471159dfbbc357e03882c2266d21ef9afdb1e4aa771b0545e90db58a0ba314b",
    "https://deno.land/std@0.191.0/path/_util.ts": "d7abb1e0dea065f427b89156e28cdeb32b045870acdf865833ba808a73b576d0",
    "https://deno.land/std@0.191.0/path/common.ts": "ee7505ab01fd22de3963b64e46cff31f40de34f9f8de1fff6a1bd2fe79380000",
    "https://deno.land/std@0.191.0/path/glob.ts": "d479e0a695621c94d3fd7fe7abd4f9499caf32a8de13f25073451c6ef420a4e1",
    "https://deno.land/std@0.191.0/path/mod.ts": "f065032a7189404fdac3ad1a1551a9ac84751d2f25c431e101787846c86c79ef",
    "https://deno.land/std@0.191.0/path/posix.ts": "8b7c67ac338714b30c816079303d0285dd24af6b284f7ad63da5b27372a2c94d",
    "https://deno.land/std@0.191.0/path/separator.ts": "0fb679739d0d1d7bf45b68dacfb4ec7563597a902edbaf3c59b50d5bcadd93b1",
    "https://deno.land/std@0.191.0/path/win32.ts": "d186344e5583bcbf8b18af416d13d82b35a317116e6460a5a3953508c3de5bba",
    "https://deno.land/std@0.191.0/semver/mod.ts": "200f50cf6872212667df532fb09f0b1a33d3427a5201f75fad30a0d0c6dbcce3",
    "https://deno.land/x/https_status_codes@v1.2.0/mod.ts": "c03a1aa6036d247568adc315b45c5d6481547c06e1ce120c962dfbe26c2d8470",
    "https://deno.land/x/https_status_codes@v1.2.0/src/lib/main/code/reason-phrases.ts": "ce5f7b828220bb4733cbf9f9ffe01c658c63f62fc076f4289310f336d21b9c18",
    "https://deno.land/x/https_status_codes@v1.2.0/src/lib/main/code/records.ts": "d0f8bb59422ee11a02276edfe4466aba7b6b1c054dac05f236c088b6ce8a8fe8",
    "https://deno.land/x/https_status_codes@v1.2.0/src/lib/main/code/status-codes.ts": "989f4fcaf659098dcf2f26b62963bed82b0285ed6693f2e54adf9e792c468fbd",
    "https://deno.land/x/https_status_codes@v1.2.0/src/lib/main/code/utils.ts": "d2b4919a490ed627bcae66d48baffa15c491a9a6c7e9ff5370ac1634abadac6b",
    "https://deno.land/x/valve@v0.05a/Dota2/Preact/AbilityIcon.tsx": "0b1b98c15f6b0d34a35a526349d039460e5e1a1a2012309d6c1729ddf0f617c6",
    "https://deno.land/x/valve@v0.05a/Dota2/Preact/HeroIcon.tsx": "6faf3c316406363160bda9322da927d4550aa92580e76f6bd47c01d657de9eb5",
    "https://deno.land/x/valve@v0.05a/Dota2/Preact/HeroPortrait.tsx": "4a1ba29435a50fcd94438f8ccd0087066c8fa89ca4a5e289cb3986312bdadbbf",
    "https://deno.land/x/valve@v0.05a/Dota2/Preact/ItemIcon.tsx": "ae178748f9cf55a587e735af81452c06f5c4e459d5f1445e8478ddc44811b29c",
    "https://deno.land/x/valve@v0.05a/Dota2/Preact/mod.ts": "98785ccbbf180e2d03c2d023be5188b46f022b7722adba6fe4c98dcbdd07fa37",
    "https://deno.land/x/valve@v0.05a/Dota2/api/getMatchDetails.ts": "3d268decef2f2b1641f473af95592664b1ba911f87bf24c4948901f15edea204",
    "https://deno.land/x/valve@v0.05a/Dota2/api/getMatchHistory.ts": "a1870c44664adec5a2fa2486383e604291a185331000d300c5dc15b70fe0e20d",
    "https://deno.land/x/valve@v0.05a/Dota2/api/getRealtimeStats.ts": "b84f4aa47a90296db20052e7e163b1b747a3629059ea9442c2d9556721802f94",
    "https://deno.land/x/valve@v0.05a/Dota2/api/getTopLiveGame.ts": "118b04ad1d26e0df93117cad089d4d23da3db527b3a3007fd5010fb1e83a4951",
    "https://deno.land/x/valve@v0.05a/Dota2/api/mod.ts": "f366e470a267a3f01a33dcc13a2b2b7ed5dc5b33fc7dc08f17a8e5aec38adce5",
    "https://deno.land/x/valve@v0.05a/Dota2/data/Abilities.ts": "b881e923a852328ad940c30e8f832d81120e1d5e3d4ceff58f1da8e8a9688db0",
    "https://deno.land/x/valve@v0.05a/Dota2/data/Heroes.ts": "2faed2a681620b98c735842ac4d7fda8c93fc50d8df903be3d6fb984269c5ed6",
    "https://deno.land/x/valve@v0.05a/Dota2/data/Items.ts": "426ac13dd3cb519760b28f49235de21fd36613dd00925507a9afd644f624648d",
    "https://deno.land/x/valve@v0.05a/Dota2/data/mod.ts": "f8c77c875654d9b467349a277d1c7694fb45c77ae73289436eda19cd63ca5988",
    "https://deno.land/x/valve@v0.05a/Dota2/mod.ts": "a85c03ed639a718dbc95e128303153e7c66f237719114bb281ebce4c95415122",
    "https://deno.land/x/valve@v0.05a/Dota2/types.ts": "675ef81b166a1dcf34519ba02a4ada26e47a35d97a578fde814b51d1c4d5e0c2",
    "https://deno.land/x/valve@v0.05a/Steam/SteamIdentifier.ts": "4e4bb32d539e70fc1b765cf3008896bbe9766dd138b47840dafbc76ed832d2ea",
    "https://deno.land/x/valve@v0.05a/Steam/api/getAppList.ts": "e4f63a20acfd5f3098ef8ba2dff5cf57359b62a0552f9d4d449407dfd1f75069",
    "https://deno.land/x/valve@v0.05a/Steam/api/getAssetPrices.ts": "c1be8ba27ce5f7c087f6579ce5e94e19a0ddd5570d2df7db2a60d36f5bd3740b",
    "https://deno.land/x/valve@v0.05a/Steam/api/getFriendList.ts": "f608ff22c8cba03a58bf189b053e934082d8785cecb40dde293420adb5ee5e95",
    "https://deno.land/x/valve@v0.05a/Steam/api/getNewsForApp.ts": "a0ca77f18d7382fd297896f3c49719ecf27e0f171abf71e9326c64a08d6475eb",
    "https://deno.land/x/valve@v0.05a/Steam/api/getOwnedGames.ts": "3ff3a03c1ec210ceb7b4ec991956fa92914bd9d1602eed3cb1e2b76da9f17b2f",
    "https://deno.land/x/valve@v0.05a/Steam/api/getPlayerAchievements.ts": "7e4cfd5f9b80cac686f3192275c9a10fdf1ba278e1f3bbfedf63151af2b77f74",
    "https://deno.land/x/valve@v0.05a/Steam/api/getPlayerSummaries.ts": "a281f74d2d3a06057eefd60bd390fb2681aed945d87ab88f4c257501d693d322",
    "https://deno.land/x/valve@v0.05a/Steam/api/getRecentlyPlayedGames.ts": "a22e59815f078ac42620b0f22d391f06fd5fe62ccd68e7453a68a6c73e6ae8c6",
    "https://deno.land/x/valve@v0.05a/Steam/api/getSDRConfig.ts": "bb8c581cf6a3f397ad4ad60a22c06d4898de20a2b027cd922b131ed6fc20d951",
    "https://deno.land/x/valve@v0.05a/Steam/api/getServersAtAddress.ts": "f5677a4675f865873525b63ff559cb4226792b26dcf8f8e4f0c6d2fc22b1b82d",
    "https://deno.land/x/valve@v0.05a/Steam/api/getSupportedAPIList.ts": "2ad44ef1aa5f51e42fb840d6204c929908db31be895fca749f110559f786bdd7",
    "https://deno.land/x/valve@v0.05a/Steam/api/getUserStatsForGame.ts": "03c04d1ad88185a15ebf8599ad97a63e91f584f996c540c76295a92e5a4d6934",
    "https://deno.land/x/valve@v0.05a/Steam/api/mod.ts": "41d8805314f56d31b24efda6390d74e9fc83e14d027fec865ca5508a69892386",
    "https://deno.land/x/valve@v0.05a/Steam/api/resolveVanityURL.ts": "622af2b705e89cc70ea5317412315390a55b133fb34d168d4d88ba068c003c2d",
    "https://deno.land/x/valve@v0.05a/Steam/mod.ts": "c42cc86355662e658267f878a63f35145a09b002ffdc27b0347666347a20b645",
    "https://deno.land/x/valve@v0.05a/Steam/types.ts": "24275ef8a33def8e52b0bf05d81b2507091a7298c2813ace0b59573acd0e63cb",
    "https://deno.land/x/valve@v0.05a/mod.ts": "9cec7b4d47d92fd6d1607d7fc083ff8421942016e77c139696a7f2b599c1af9e",
    "https://deno.land/x/winreg@v0.1/index.ts": "d504c006a06c8954d71e61b6c666bd71ab40bef77d5b9fa0c4561933db51bb78",
    "https://esm.sh/preact@10.11.0": "77448ee5496a75e3bcc8ee3100674db178aaf153d5c2e4694286e7d5b9d8b5ef",
    "https://esm.sh/stable/preact@10.11.0/denonext/preact.mjs": "71306b68971e656b4c8bff31e261528c4fe14bf87f8e65f214b671f45bef2d31",
    "https://esm.sh/url-regex@5.0.0": "b7669f29745618f2f651c3ab0e0f6b3f29a89346d6d04c6684a20f5d6c3299d2",
    "https://esm.sh/v118/preact@10.11.0/src/index.d.ts": "1a5c331227be54be6515b0c92a469d352834fa413963ae84a39a05a3177111f6",
    "https://esm.sh/v118/preact@10.11.0/src/jsx.d.ts": "c423715fd7992b2e1446fea11d2d04e8adbd66c1edca1ce5e85f90e0d26a2eb2",
    "https://esm.sh/v125/ip-regex@4.3.0/denonext/ip-regex.mjs": "4e2ede66c7d04bcbd90558bd66a374ac0dbd48a8032923d07e05c97eb4a30cb9",
    "https://esm.sh/v125/tlds@1.238.0/denonext/tlds.mjs": "56b0cacef0f047b79924866511a4bf8d8f5d4a4966b4adaea07f0372d9dc5b23",
    "https://esm.sh/v125/url-regex@5.0.0/denonext/url-regex.mjs": "7f424b4bcba5c39b0006fab15dc141c73bd20abacda72e59b1f57c6fd4f72318",
    "https://esm.sh/v125/url-regex@5.0.0/index.d.ts": "9536f99e2c8724f4664aa1fe07aedcaf642942e5e51783652dccaf09a07f873a"
  }
}
